
Microsoft Visual Studio Solution File, Format Version 12.00
# Visual Studio Version 17
VisualStudioVersion = 17.4.33213.308
MinimumVisualStudioVersion = 10.0.40219.1
Project("{FAE04EC0-301F-11D3-BF4B-00C04F79EFBC}") = "04-Rectangle", "04-Rectangle\04-Rectangle.csproj", "{7CA1AAF6-DB43-4A5B-8FD3-B79B9E8347B6}"
EndProject
Global
	GlobalSection(SolutionConfigurationPlatforms) = preSolution
		Debug|Any CPU = Debug|Any CPU
		Release|Any CPU = Release|Any CPU
	EndGlobalSection
	GlobalSection(ProjectConfigurationPlatforms) = postSolution
		{7CA1AAF6-DB43-4A5B-8FD3-B79B9E8347B6}.Debug|Any CPU.ActiveCfg = Debug|Any CPU
		{7CA1AAF6-DB43-4A5B-8FD3-B79B9E8347B6}.Debug|Any CPU.Build.0 = Debug|Any CPU
		{7CA1AAF6-DB43-4A5B-8FD3-B79B9E8347B6}.Release|Any CPU.ActiveCfg = Release|Any CPU
		{7CA1AAF6-DB43-4A5B-8FD3-B79B9E8347B6}.Release|Any CPU.Build.0 = Release|Any CPU
	EndGlobalSection
	GlobalSection(SolutionProperties) = preSolution
		HideSolutionNode = FALSE
	EndGlobalSection
	GlobalSection(ExtensibilityGlobals) = postSolution
		SolutionGuid = {4DCEB243-A5A6-4F46-A0E8-97413131D072}
	EndGlobalSection
EndGlobal
