
Microsoft Visual Studio Solution File, Format Version 12.00
# Visual Studio Version 17
VisualStudioVersion = 17.4.33213.308
MinimumVisualStudioVersion = 10.0.40219.1
Project("{FAE04EC0-301F-11D3-BF4B-00C04F79EFBC}") = "03-Matrices1", "03-Matrices1\03-Matrices1.csproj", "{88966137-89FE-42CA-81F4-90FFA58C4F4C}"
EndProject
Global
	GlobalSection(SolutionConfigurationPlatforms) = preSolution
		Debug|Any CPU = Debug|Any CPU
		Release|Any CPU = Release|Any CPU
	EndGlobalSection
	GlobalSection(ProjectConfigurationPlatforms) = postSolution
		{88966137-89FE-42CA-81F4-90FFA58C4F4C}.Debug|Any CPU.ActiveCfg = Debug|Any CPU
		{88966137-89FE-42CA-81F4-90FFA58C4F4C}.Debug|Any CPU.Build.0 = Debug|Any CPU
		{88966137-89FE-42CA-81F4-90FFA58C4F4C}.Release|Any CPU.ActiveCfg = Release|Any CPU
		{88966137-89FE-42CA-81F4-90FFA58C4F4C}.Release|Any CPU.Build.0 = Release|Any CPU
	EndGlobalSection
	GlobalSection(SolutionProperties) = preSolution
		HideSolutionNode = FALSE
	EndGlobalSection
	GlobalSection(ExtensibilityGlobals) = postSolution
		SolutionGuid = {39523299-6219-475A-B631-B43A19E03566}
	EndGlobalSection
EndGlobal
