
Microsoft Visual Studio Solution File, Format Version 12.00
# Visual Studio Version 17
VisualStudioVersion = 17.4.33213.308
MinimumVisualStudioVersion = 10.0.40219.1
Project("{FAE04EC0-301F-11D3-BF4B-00C04F79EFBC}") = "01-Vectors", "01-Vectors\01-Vectors.csproj", "{231DFECD-4EA7-41FC-92D9-BC3AEF6BCD40}"
EndProject
Global
	GlobalSection(SolutionConfigurationPlatforms) = preSolution
		Debug|Any CPU = Debug|Any CPU
		Release|Any CPU = Release|Any CPU
	EndGlobalSection
	GlobalSection(ProjectConfigurationPlatforms) = postSolution
		{231DFECD-4EA7-41FC-92D9-BC3AEF6BCD40}.Debug|Any CPU.ActiveCfg = Debug|Any CPU
		{231DFECD-4EA7-41FC-92D9-BC3AEF6BCD40}.Debug|Any CPU.Build.0 = Debug|Any CPU
		{231DFECD-4EA7-41FC-92D9-BC3AEF6BCD40}.Release|Any CPU.ActiveCfg = Release|Any CPU
		{231DFECD-4EA7-41FC-92D9-BC3AEF6BCD40}.Release|Any CPU.Build.0 = Release|Any CPU
	EndGlobalSection
	GlobalSection(SolutionProperties) = preSolution
		HideSolutionNode = FALSE
	EndGlobalSection
	GlobalSection(ExtensibilityGlobals) = postSolution
		SolutionGuid = {C4946D24-B93C-4178-AA53-EED463A8FFA7}
	EndGlobalSection
EndGlobal
