
Microsoft Visual Studio Solution File, Format Version 12.00
# Visual Studio Version 17
VisualStudioVersion = 17.4.33213.308
MinimumVisualStudioVersion = 10.0.40219.1
Project("{FAE04EC0-301F-11D3-BF4B-00C04F79EFBC}") = "04-Orders", "04-Orders.csproj", "{CFBFB8DC-2F93-4B26-9047-E726025FD4D2}"
EndProject
Global
	GlobalSection(SolutionConfigurationPlatforms) = preSolution
		Debug|Any CPU = Debug|Any CPU
		Release|Any CPU = Release|Any CPU
	EndGlobalSection
	GlobalSection(ProjectConfigurationPlatforms) = postSolution
		{CFBFB8DC-2F93-4B26-9047-E726025FD4D2}.Debug|Any CPU.ActiveCfg = Debug|Any CPU
		{CFBFB8DC-2F93-4B26-9047-E726025FD4D2}.Debug|Any CPU.Build.0 = Debug|Any CPU
		{CFBFB8DC-2F93-4B26-9047-E726025FD4D2}.Release|Any CPU.ActiveCfg = Release|Any CPU
		{CFBFB8DC-2F93-4B26-9047-E726025FD4D2}.Release|Any CPU.Build.0 = Release|Any CPU
	EndGlobalSection
	GlobalSection(SolutionProperties) = preSolution
		HideSolutionNode = FALSE
	EndGlobalSection
	GlobalSection(ExtensibilityGlobals) = postSolution
		SolutionGuid = {08505FBE-0BB1-440B-BFE2-1CC8757493E9}
	EndGlobalSection
EndGlobal
