
Microsoft Visual Studio Solution File, Format Version 12.00
# Visual Studio Version 17
VisualStudioVersion = 17.4.33213.308
MinimumVisualStudioVersion = 10.0.40219.1
Project("{FAE04EC0-301F-11D3-BF4B-00C04F79EFBC}") = "02-Lists", "02-Lists\02-Lists.csproj", "{62174C58-6ADA-4CCE-A7D9-A50323DC314E}"
EndProject
Global
	GlobalSection(SolutionConfigurationPlatforms) = preSolution
		Debug|Any CPU = Debug|Any CPU
		Release|Any CPU = Release|Any CPU
	EndGlobalSection
	GlobalSection(ProjectConfigurationPlatforms) = postSolution
		{62174C58-6ADA-4CCE-A7D9-A50323DC314E}.Debug|Any CPU.ActiveCfg = Debug|Any CPU
		{62174C58-6ADA-4CCE-A7D9-A50323DC314E}.Debug|Any CPU.Build.0 = Debug|Any CPU
		{62174C58-6ADA-4CCE-A7D9-A50323DC314E}.Release|Any CPU.ActiveCfg = Release|Any CPU
		{62174C58-6ADA-4CCE-A7D9-A50323DC314E}.Release|Any CPU.Build.0 = Release|Any CPU
	EndGlobalSection
	GlobalSection(SolutionProperties) = preSolution
		HideSolutionNode = FALSE
	EndGlobalSection
	GlobalSection(ExtensibilityGlobals) = postSolution
		SolutionGuid = {0F02C89E-7CF1-4FF4-B27B-CE3B7F21D9FB}
	EndGlobalSection
EndGlobal
